
Microsoft Visual Studio Solution File, Format Version 12.00
# Visual Studio Version 17
VisualStudioVersion = 17.11.35312.102
MinimumVisualStudioVersion = 10.0.40219.1
Project("{FAE04EC0-301F-11D3-BF4B-00C04F79EFBC}") = "Messenger", "Messenger\Messenger.csproj", "{7972B677-F59E-499D-8B9E-FD4EC387BE31}"
EndProject
Global
	GlobalSection(SolutionConfigurationPlatforms) = preSolution
		Debug|Any CPU = Debug|Any CPU
		Release|Any CPU = Release|Any CPU
	EndGlobalSection
	GlobalSection(ProjectConfigurationPlatforms) = postSolution
		{7972B677-F59E-499D-8B9E-FD4EC387BE31}.Debug|Any CPU.ActiveCfg = Debug|Any CPU
		{7972B677-F59E-499D-8B9E-FD4EC387BE31}.Debug|Any CPU.Build.0 = Debug|Any CPU
		{7972B677-F59E-499D-8B9E-FD4EC387BE31}.Debug|Any CPU.Deploy.0 = Debug|Any CPU
		{7972B677-F59E-499D-8B9E-FD4EC387BE31}.Release|Any CPU.ActiveCfg = Release|Any CPU
		{7972B677-F59E-499D-8B9E-FD4EC387BE31}.Release|Any CPU.Build.0 = Release|Any CPU
		{7972B677-F59E-499D-8B9E-FD4EC387BE31}.Release|Any CPU.Deploy.0 = Release|Any CPU
	EndGlobalSection
	GlobalSection(SolutionProperties) = preSolution
		HideSolutionNode = FALSE
	EndGlobalSection
	GlobalSection(ExtensibilityGlobals) = postSolution
		SolutionGuid = {D64883D4-73D6-44B1-A41D-094E8FB745B4}
	EndGlobalSection
EndGlobal
